
Microsoft Visual Studio Solution File, Format Version 12.00
# Visual Studio Version 17
VisualStudioVersion = 17.6.33626.354
MinimumVisualStudioVersion = 10.0.40219.1
Project("{2150E333-8FDC-42A3-9474-1A3956D46DE8}") = "src", "src", "{2B06F597-EE04-4859-8041-75529B407592}"
EndProject
Project("{2150E333-8FDC-42A3-9474-1A3956D46DE8}") = "Çözüm Öğeleri", "Çözüm Öğeleri", "{C89C6355-750E-473D-B033-22C914567849}"
	ProjectSection(SolutionItems) = preProject
		ServicesUrls.txt = ServicesUrls.txt
	EndProjectSection
EndProject
Project("{2150E333-8FDC-42A3-9474-1A3956D46DE8}") = "ApiGateways", "ApiGateways", "{07BA1534-0D28-40CD-8E96-1E84C92DE1A7}"
EndProject
Project("{2150E333-8FDC-42A3-9474-1A3956D46DE8}") = "BuldingBlocks", "BuldingBlocks", "{0BC12721-7F95-44F3-A7D1-9A3D3DD084A6}"
EndProject
Project("{2150E333-8FDC-42A3-9474-1A3956D46DE8}") = "Services", "Services", "{E957B760-E9AD-4C31-A4C8-9CFF3D56E314}"
EndProject
Project("{2150E333-8FDC-42A3-9474-1A3956D46DE8}") = "Clients", "Clients", "{D06EF932-26B6-4E44-96BC-B5969B184496}"
EndProject
Project("{2150E333-8FDC-42A3-9474-1A3956D46DE8}") = "WebApiGateways", "WebApiGateways", "{6022F1C3-3E05-45C8-8F30-E0E34CF16EF8}"
EndProject
Project("{9A19103F-16F7-4668-BE54-9A1E7A4F7556}") = "Web.ApiGateway", "src\ApiGateways\WebApiGateways\Web.ApiGateway\Web.ApiGateway.csproj", "{4B71474C-6F76-434E-9E35-09350C764335}"
EndProject
Project("{2150E333-8FDC-42A3-9474-1A3956D46DE8}") = "EventBus", "EventBus", "{7AB73853-0CD0-4A62-A29D-C373CD8B1AB3}"
EndProject
Project("{9A19103F-16F7-4668-BE54-9A1E7A4F7556}") = "EventBus.Base", "src\BuldingBlocks\EventBus\EventBus.Base\EventBus.Base.csproj", "{97088421-7532-4DD7-BDB3-990FA63EAB8F}"
EndProject
Project("{9A19103F-16F7-4668-BE54-9A1E7A4F7556}") = "EventBus.Factory", "src\BuldingBlocks\EventBus\EventBus.Factory\EventBus.Factory.csproj", "{1D623F91-A475-4A23-8EBA-A48720DF8C12}"
EndProject
Project("{9A19103F-16F7-4668-BE54-9A1E7A4F7556}") = "EventBus.AzureServiceBus", "src\BuldingBlocks\EventBus\EventBus.AzureServiceBus\EventBus.AzureServiceBus.csproj", "{C30DD612-6E5D-4A71-B2A6-C95F34D37975}"
EndProject
Project("{9A19103F-16F7-4668-BE54-9A1E7A4F7556}") = "EventBus.RabbitMQ", "src\BuldingBlocks\EventBus\EventBus.RabbitMQ\EventBus.RabbitMQ.csproj", "{AFC1717C-3F2E-45DF-99D6-6A207031651A}"
EndProject
Project("{2150E333-8FDC-42A3-9474-1A3956D46DE8}") = "BlazorWebApp", "BlazorWebApp", "{A7B1637E-3EDE-4047-A3B6-F795F3312F69}"
EndProject
Project("{9A19103F-16F7-4668-BE54-9A1E7A4F7556}") = "WebApp", "src\Clients\BlazorWebApp\WebApp\WebApp.csproj", "{1091B2B3-81D1-459D-AA67-486C8F12391C}"
EndProject
Project("{2150E333-8FDC-42A3-9474-1A3956D46DE8}") = "BasketServices", "BasketServices", "{FCF7F969-E900-480B-A9C5-D1C218F11FB4}"
EndProject
Project("{9A19103F-16F7-4668-BE54-9A1E7A4F7556}") = "BasketServices.Api", "src\Services\BasketServices\BasketServices.Api\BasketServices.Api.csproj", "{D042C689-B291-4586-A46C-62BDE8D1B937}"
EndProject
Project("{2150E333-8FDC-42A3-9474-1A3956D46DE8}") = "CatalogServices", "CatalogServices", "{87A39256-7D62-423D-AC12-FB2DF0F49269}"
EndProject
Project("{9A19103F-16F7-4668-BE54-9A1E7A4F7556}") = "CatalogServices.Api", "src\Services\CatalogServices\CatalogServices.Api\CatalogServices.Api.csproj", "{B5031EF4-2D17-4752-A365-A742C1440206}"
EndProject
Project("{2150E333-8FDC-42A3-9474-1A3956D46DE8}") = "IdentityServices", "IdentityServices", "{4B075DD1-0499-47F5-83EF-DEA39056E8ED}"
EndProject
Project("{9A19103F-16F7-4668-BE54-9A1E7A4F7556}") = "IdentityServices.Api", "src\Services\IdentityServices\IdentityServices.Api\IdentityServices.Api.csproj", "{E324B929-DD87-4007-8160-3554EC69A4CF}"
EndProject
Project("{2150E333-8FDC-42A3-9474-1A3956D46DE8}") = "NotificationServices", "NotificationServices", "{A5DB297F-B282-41B0-8846-E6DC38D67296}"
EndProject
Project("{9A19103F-16F7-4668-BE54-9A1E7A4F7556}") = "NotificationServices.Api", "src\Services\NotificationServices\NotificationServices.Api\NotificationServices.Api.csproj", "{602B6831-9240-4BCA-A8CD-6A0B836C2C6B}"
EndProject
Project("{2150E333-8FDC-42A3-9474-1A3956D46DE8}") = "OrderServices", "OrderServices", "{0FF0D707-55A1-4A94-A9AD-387B51D5DECB}"
EndProject
Project("{9A19103F-16F7-4668-BE54-9A1E7A4F7556}") = "OrderServices.Domain", "src\Services\OrderServices\OrderServices.Domain\OrderServices.Domain.csproj", "{070703E1-2E3E-4C77-B0E5-CE6733543DBF}"
EndProject
Project("{9A19103F-16F7-4668-BE54-9A1E7A4F7556}") = "OrderServices.Application", "src\Services\OrderServices\OrderServices.Application\OrderServices.Application.csproj", "{D6E99444-810E-418E-9C83-A41DF85F55D5}"
EndProject
Project("{9A19103F-16F7-4668-BE54-9A1E7A4F7556}") = "OrderServices.Infrastructure", "src\Services\OrderServices\OrderServices.Infrastructure\OrderServices.Infrastructure.csproj", "{2E5708F5-E343-4F11-9CFE-3487FAB69016}"
EndProject
Project("{9A19103F-16F7-4668-BE54-9A1E7A4F7556}") = "OrderServices.Api", "src\Services\OrderServices\OrderServices.Api\OrderServices.Api.csproj", "{A6852CFF-AB80-4903-A900-048428294C9A}"
EndProject
Project("{2150E333-8FDC-42A3-9474-1A3956D46DE8}") = "PaymentServices", "PaymentServices", "{3F42D1D0-55EC-43DC-BEFD-140D0C8AA68B}"
EndProject
Project("{9A19103F-16F7-4668-BE54-9A1E7A4F7556}") = "PaymentServices.Api", "src\Services\PaymentServices\PaymentServices.Api\PaymentServices.Api.csproj", "{1ED74594-C40D-490C-8676-A0E6D9A93445}"
EndProject
Global
	GlobalSection(SolutionConfigurationPlatforms) = preSolution
		Debug|Any CPU = Debug|Any CPU
		Release|Any CPU = Release|Any CPU
	EndGlobalSection
	GlobalSection(ProjectConfigurationPlatforms) = postSolution
		{4B71474C-6F76-434E-9E35-09350C764335}.Debug|Any CPU.ActiveCfg = Debug|Any CPU
		{4B71474C-6F76-434E-9E35-09350C764335}.Debug|Any CPU.Build.0 = Debug|Any CPU
		{4B71474C-6F76-434E-9E35-09350C764335}.Release|Any CPU.ActiveCfg = Release|Any CPU
		{4B71474C-6F76-434E-9E35-09350C764335}.Release|Any CPU.Build.0 = Release|Any CPU
		{97088421-7532-4DD7-BDB3-990FA63EAB8F}.Debug|Any CPU.ActiveCfg = Debug|Any CPU
		{97088421-7532-4DD7-BDB3-990FA63EAB8F}.Debug|Any CPU.Build.0 = Debug|Any CPU
		{97088421-7532-4DD7-BDB3-990FA63EAB8F}.Release|Any CPU.ActiveCfg = Release|Any CPU
		{97088421-7532-4DD7-BDB3-990FA63EAB8F}.Release|Any CPU.Build.0 = Release|Any CPU
		{1D623F91-A475-4A23-8EBA-A48720DF8C12}.Debug|Any CPU.ActiveCfg = Debug|Any CPU
		{1D623F91-A475-4A23-8EBA-A48720DF8C12}.Debug|Any CPU.Build.0 = Debug|Any CPU
		{1D623F91-A475-4A23-8EBA-A48720DF8C12}.Release|Any CPU.ActiveCfg = Release|Any CPU
		{1D623F91-A475-4A23-8EBA-A48720DF8C12}.Release|Any CPU.Build.0 = Release|Any CPU
		{C30DD612-6E5D-4A71-B2A6-C95F34D37975}.Debug|Any CPU.ActiveCfg = Debug|Any CPU
		{C30DD612-6E5D-4A71-B2A6-C95F34D37975}.Debug|Any CPU.Build.0 = Debug|Any CPU
		{C30DD612-6E5D-4A71-B2A6-C95F34D37975}.Release|Any CPU.ActiveCfg = Release|Any CPU
		{C30DD612-6E5D-4A71-B2A6-C95F34D37975}.Release|Any CPU.Build.0 = Release|Any CPU
		{AFC1717C-3F2E-45DF-99D6-6A207031651A}.Debug|Any CPU.ActiveCfg = Debug|Any CPU
		{AFC1717C-3F2E-45DF-99D6-6A207031651A}.Debug|Any CPU.Build.0 = Debug|Any CPU
		{AFC1717C-3F2E-45DF-99D6-6A207031651A}.Release|Any CPU.ActiveCfg = Release|Any CPU
		{AFC1717C-3F2E-45DF-99D6-6A207031651A}.Release|Any CPU.Build.0 = Release|Any CPU
		{1091B2B3-81D1-459D-AA67-486C8F12391C}.Debug|Any CPU.ActiveCfg = Debug|Any CPU
		{1091B2B3-81D1-459D-AA67-486C8F12391C}.Debug|Any CPU.Build.0 = Debug|Any CPU
		{1091B2B3-81D1-459D-AA67-486C8F12391C}.Release|Any CPU.ActiveCfg = Release|Any CPU
		{1091B2B3-81D1-459D-AA67-486C8F12391C}.Release|Any CPU.Build.0 = Release|Any CPU
		{D042C689-B291-4586-A46C-62BDE8D1B937}.Debug|Any CPU.ActiveCfg = Debug|Any CPU
		{D042C689-B291-4586-A46C-62BDE8D1B937}.Debug|Any CPU.Build.0 = Debug|Any CPU
		{D042C689-B291-4586-A46C-62BDE8D1B937}.Release|Any CPU.ActiveCfg = Release|Any CPU
		{D042C689-B291-4586-A46C-62BDE8D1B937}.Release|Any CPU.Build.0 = Release|Any CPU
		{B5031EF4-2D17-4752-A365-A742C1440206}.Debug|Any CPU.ActiveCfg = Debug|Any CPU
		{B5031EF4-2D17-4752-A365-A742C1440206}.Debug|Any CPU.Build.0 = Debug|Any CPU
		{B5031EF4-2D17-4752-A365-A742C1440206}.Release|Any CPU.ActiveCfg = Release|Any CPU
		{B5031EF4-2D17-4752-A365-A742C1440206}.Release|Any CPU.Build.0 = Release|Any CPU
		{E324B929-DD87-4007-8160-3554EC69A4CF}.Debug|Any CPU.ActiveCfg = Debug|Any CPU
		{E324B929-DD87-4007-8160-3554EC69A4CF}.Debug|Any CPU.Build.0 = Debug|Any CPU
		{E324B929-DD87-4007-8160-3554EC69A4CF}.Release|Any CPU.ActiveCfg = Release|Any CPU
		{E324B929-DD87-4007-8160-3554EC69A4CF}.Release|Any CPU.Build.0 = Release|Any CPU
		{602B6831-9240-4BCA-A8CD-6A0B836C2C6B}.Debug|Any CPU.ActiveCfg = Debug|Any CPU
		{602B6831-9240-4BCA-A8CD-6A0B836C2C6B}.Debug|Any CPU.Build.0 = Debug|Any CPU
		{602B6831-9240-4BCA-A8CD-6A0B836C2C6B}.Release|Any CPU.ActiveCfg = Release|Any CPU
		{602B6831-9240-4BCA-A8CD-6A0B836C2C6B}.Release|Any CPU.Build.0 = Release|Any CPU
		{070703E1-2E3E-4C77-B0E5-CE6733543DBF}.Debug|Any CPU.ActiveCfg = Debug|Any CPU
		{070703E1-2E3E-4C77-B0E5-CE6733543DBF}.Debug|Any CPU.Build.0 = Debug|Any CPU
		{070703E1-2E3E-4C77-B0E5-CE6733543DBF}.Release|Any CPU.ActiveCfg = Release|Any CPU
		{070703E1-2E3E-4C77-B0E5-CE6733543DBF}.Release|Any CPU.Build.0 = Release|Any CPU
		{D6E99444-810E-418E-9C83-A41DF85F55D5}.Debug|Any CPU.ActiveCfg = Debug|Any CPU
		{D6E99444-810E-418E-9C83-A41DF85F55D5}.Debug|Any CPU.Build.0 = Debug|Any CPU
		{D6E99444-810E-418E-9C83-A41DF85F55D5}.Release|Any CPU.ActiveCfg = Release|Any CPU
		{D6E99444-810E-418E-9C83-A41DF85F55D5}.Release|Any CPU.Build.0 = Release|Any CPU
		{2E5708F5-E343-4F11-9CFE-3487FAB69016}.Debug|Any CPU.ActiveCfg = Debug|Any CPU
		{2E5708F5-E343-4F11-9CFE-3487FAB69016}.Debug|Any CPU.Build.0 = Debug|Any CPU
		{2E5708F5-E343-4F11-9CFE-3487FAB69016}.Release|Any CPU.ActiveCfg = Release|Any CPU
		{2E5708F5-E343-4F11-9CFE-3487FAB69016}.Release|Any CPU.Build.0 = Release|Any CPU
		{A6852CFF-AB80-4903-A900-048428294C9A}.Debug|Any CPU.ActiveCfg = Debug|Any CPU
		{A6852CFF-AB80-4903-A900-048428294C9A}.Debug|Any CPU.Build.0 = Debug|Any CPU
		{A6852CFF-AB80-4903-A900-048428294C9A}.Release|Any CPU.ActiveCfg = Release|Any CPU
		{A6852CFF-AB80-4903-A900-048428294C9A}.Release|Any CPU.Build.0 = Release|Any CPU
		{1ED74594-C40D-490C-8676-A0E6D9A93445}.Debug|Any CPU.ActiveCfg = Debug|Any CPU
		{1ED74594-C40D-490C-8676-A0E6D9A93445}.Debug|Any CPU.Build.0 = Debug|Any CPU
		{1ED74594-C40D-490C-8676-A0E6D9A93445}.Release|Any CPU.ActiveCfg = Release|Any CPU
		{1ED74594-C40D-490C-8676-A0E6D9A93445}.Release|Any CPU.Build.0 = Release|Any CPU
	EndGlobalSection
	GlobalSection(SolutionProperties) = preSolution
		HideSolutionNode = FALSE
	EndGlobalSection
	GlobalSection(NestedProjects) = preSolution
		{07BA1534-0D28-40CD-8E96-1E84C92DE1A7} = {2B06F597-EE04-4859-8041-75529B407592}
		{0BC12721-7F95-44F3-A7D1-9A3D3DD084A6} = {2B06F597-EE04-4859-8041-75529B407592}
		{E957B760-E9AD-4C31-A4C8-9CFF3D56E314} = {2B06F597-EE04-4859-8041-75529B407592}
		{D06EF932-26B6-4E44-96BC-B5969B184496} = {2B06F597-EE04-4859-8041-75529B407592}
		{6022F1C3-3E05-45C8-8F30-E0E34CF16EF8} = {07BA1534-0D28-40CD-8E96-1E84C92DE1A7}
		{4B71474C-6F76-434E-9E35-09350C764335} = {6022F1C3-3E05-45C8-8F30-E0E34CF16EF8}
		{7AB73853-0CD0-4A62-A29D-C373CD8B1AB3} = {0BC12721-7F95-44F3-A7D1-9A3D3DD084A6}
		{97088421-7532-4DD7-BDB3-990FA63EAB8F} = {7AB73853-0CD0-4A62-A29D-C373CD8B1AB3}
		{1D623F91-A475-4A23-8EBA-A48720DF8C12} = {7AB73853-0CD0-4A62-A29D-C373CD8B1AB3}
		{C30DD612-6E5D-4A71-B2A6-C95F34D37975} = {7AB73853-0CD0-4A62-A29D-C373CD8B1AB3}
		{AFC1717C-3F2E-45DF-99D6-6A207031651A} = {7AB73853-0CD0-4A62-A29D-C373CD8B1AB3}
		{A7B1637E-3EDE-4047-A3B6-F795F3312F69} = {D06EF932-26B6-4E44-96BC-B5969B184496}
		{1091B2B3-81D1-459D-AA67-486C8F12391C} = {A7B1637E-3EDE-4047-A3B6-F795F3312F69}
		{FCF7F969-E900-480B-A9C5-D1C218F11FB4} = {E957B760-E9AD-4C31-A4C8-9CFF3D56E314}
		{D042C689-B291-4586-A46C-62BDE8D1B937} = {FCF7F969-E900-480B-A9C5-D1C218F11FB4}
		{87A39256-7D62-423D-AC12-FB2DF0F49269} = {E957B760-E9AD-4C31-A4C8-9CFF3D56E314}
		{B5031EF4-2D17-4752-A365-A742C1440206} = {87A39256-7D62-423D-AC12-FB2DF0F49269}
		{4B075DD1-0499-47F5-83EF-DEA39056E8ED} = {E957B760-E9AD-4C31-A4C8-9CFF3D56E314}
		{E324B929-DD87-4007-8160-3554EC69A4CF} = {4B075DD1-0499-47F5-83EF-DEA39056E8ED}
		{A5DB297F-B282-41B0-8846-E6DC38D67296} = {E957B760-E9AD-4C31-A4C8-9CFF3D56E314}
		{602B6831-9240-4BCA-A8CD-6A0B836C2C6B} = {A5DB297F-B282-41B0-8846-E6DC38D67296}
		{0FF0D707-55A1-4A94-A9AD-387B51D5DECB} = {E957B760-E9AD-4C31-A4C8-9CFF3D56E314}
		{070703E1-2E3E-4C77-B0E5-CE6733543DBF} = {0FF0D707-55A1-4A94-A9AD-387B51D5DECB}
		{D6E99444-810E-418E-9C83-A41DF85F55D5} = {0FF0D707-55A1-4A94-A9AD-387B51D5DECB}
		{2E5708F5-E343-4F11-9CFE-3487FAB69016} = {0FF0D707-55A1-4A94-A9AD-387B51D5DECB}
		{A6852CFF-AB80-4903-A900-048428294C9A} = {0FF0D707-55A1-4A94-A9AD-387B51D5DECB}
		{3F42D1D0-55EC-43DC-BEFD-140D0C8AA68B} = {E957B760-E9AD-4C31-A4C8-9CFF3D56E314}
		{1ED74594-C40D-490C-8676-A0E6D9A93445} = {3F42D1D0-55EC-43DC-BEFD-140D0C8AA68B}
	EndGlobalSection
	GlobalSection(ExtensibilityGlobals) = postSolution
		SolutionGuid = {623F0379-0C6A-48A4-834F-1C4CBE9C8948}
	EndGlobalSection
EndGlobal
